
Microsoft Visual Studio Solution File, Format Version 12.00
# Visual Studio Version 17
VisualStudioVersion = 17.10.35027.167
MinimumVisualStudioVersion = 10.0.40219.1
Project("{FAE04EC0-301F-11D3-BF4B-00C04F79EFBC}") = "ti_Lyricstudio", "lyricstudio\ti_Lyricstudio.csproj", "{D0DA0310-B062-0B49-1B20-AFD7118F5BA1}"
EndProject
Project("{FAE04EC0-301F-11D3-BF4B-00C04F79EFBC}") = "WpfDesignDemo", "WpfDesignDemo\WpfDesignDemo.csproj", "{248485E0-FF6D-476A-B680-D9850C147910}"
EndProject
Global
	GlobalSection(SolutionConfigurationPlatforms) = preSolution
		Debug|Any CPU = Debug|Any CPU
		Release|Any CPU = Release|Any CPU
	EndGlobalSection
	GlobalSection(ProjectConfigurationPlatforms) = postSolution
		{D0DA0310-B062-0B49-1B20-AFD7118F5BA1}.Debug|Any CPU.ActiveCfg = Debug|Any CPU
		{D0DA0310-B062-0B49-1B20-AFD7118F5BA1}.Debug|Any CPU.Build.0 = Debug|Any CPU
		{D0DA0310-B062-0B49-1B20-AFD7118F5BA1}.Release|Any CPU.ActiveCfg = Release|Any CPU
		{D0DA0310-B062-0B49-1B20-AFD7118F5BA1}.Release|Any CPU.Build.0 = Release|Any CPU
		{248485E0-FF6D-476A-B680-D9850C147910}.Debug|Any CPU.ActiveCfg = Debug|Any CPU
		{248485E0-FF6D-476A-B680-D9850C147910}.Debug|Any CPU.Build.0 = Debug|Any CPU
		{248485E0-FF6D-476A-B680-D9850C147910}.Release|Any CPU.ActiveCfg = Release|Any CPU
		{248485E0-FF6D-476A-B680-D9850C147910}.Release|Any CPU.Build.0 = Release|Any CPU
	EndGlobalSection
	GlobalSection(SolutionProperties) = preSolution
		HideSolutionNode = FALSE
	EndGlobalSection
	GlobalSection(ExtensibilityGlobals) = postSolution
		SolutionGuid = {DAEE65ED-2285-48F0-B240-EFFD25DE674C}
	EndGlobalSection
EndGlobal
